
Microsoft Visual Studio Solution File, Format Version 12.00
# Visual Studio 2012
Project("{FAE04EC0-301F-11D3-BF4B-00C04F79EFBC}") = "ProviderModel", "src\ProviderModel\ProviderModel.csproj", "{39E78D55-E36B-4DB3-B90A-F9F2FB3C16D3}"
EndProject
Project("{FAE04EC0-301F-11D3-BF4B-00C04F79EFBC}") = "ProviderModel.Tests", "src\ProviderModel.Tests\ProviderModel.Tests.csproj", "{49705BAF-55E7-42B8-8FCE-54845B101756}"
EndProject
Project("{2150E333-8FDC-42A3-9474-1A3956D46DE8}") = "Solution Items", "Solution Items", "{62ACBCCA-9C71-4AA0-90EC-3FA03F2B2E53}"
	ProjectSection(SolutionItems) = preProject
		LICENSE.txt = LICENSE.txt
		README.md = README.md
		Settings.StyleCop = Settings.StyleCop
	EndProjectSection
EndProject
Global
	GlobalSection(SolutionConfigurationPlatforms) = preSolution
		Debug|Any CPU = Debug|Any CPU
		Release|Any CPU = Release|Any CPU
	EndGlobalSection
	GlobalSection(ProjectConfigurationPlatforms) = postSolution
		{39E78D55-E36B-4DB3-B90A-F9F2FB3C16D3}.Debug|Any CPU.ActiveCfg = Debug|Any CPU
		{39E78D55-E36B-4DB3-B90A-F9F2FB3C16D3}.Debug|Any CPU.Build.0 = Debug|Any CPU
		{39E78D55-E36B-4DB3-B90A-F9F2FB3C16D3}.Release|Any CPU.ActiveCfg = Release|Any CPU
		{39E78D55-E36B-4DB3-B90A-F9F2FB3C16D3}.Release|Any CPU.Build.0 = Release|Any CPU
		{49705BAF-55E7-42B8-8FCE-54845B101756}.Debug|Any CPU.ActiveCfg = Debug|Any CPU
		{49705BAF-55E7-42B8-8FCE-54845B101756}.Debug|Any CPU.Build.0 = Debug|Any CPU
		{49705BAF-55E7-42B8-8FCE-54845B101756}.Release|Any CPU.ActiveCfg = Release|Any CPU
		{49705BAF-55E7-42B8-8FCE-54845B101756}.Release|Any CPU.Build.0 = Release|Any CPU
	EndGlobalSection
	GlobalSection(SolutionProperties) = preSolution
		HideSolutionNode = FALSE
	EndGlobalSection
EndGlobal
